// !$*UTF8*$!
{
	archiveVersion = 1;
	classes = {
	};
	objectVersion = 77;
	objects = {

/* Begin PBXBuildFile section */
		6AB1C0832E67C7C600EE9F88 /* ComposableArchitecture in Frameworks */ = {isa = PBXBuildFile; productRef = 6AB1C0822E67C7C600EE9F88 /* ComposableArchitecture */; };
/* End PBXBuildFile section */

/* Begin PBXContainerItemProxy section */
		6ABA63882E67B20F00BA75F3 /* PBXContainerItemProxy */ = {
			isa = PBXContainerItemProxy;
			containerPortal = 6ABA63722E67B20D00BA75F3 /* Project object */;
			proxyType = 1;
			remoteGlobalIDString = 6ABA63792E67B20D00BA75F3;
			remoteInfo = ReduxSwiftUIDemo;
		};
		6ABA63922E67B20F00BA75F3 /* PBXContainerItemProxy */ = {
			isa = PBXContainerItemProxy;
			containerPortal = 6ABA63722E67B20D00BA75F3 /* Project object */;
			proxyType = 1;
			remoteGlobalIDString = 6ABA63792E67B20D00BA75F3;
			remoteInfo = ReduxSwiftUIDemo;
		};
/* End PBXContainerItemProxy section */

/* Begin PBXFileReference section */
		6ABA637A2E67B20D00BA75F3 /* ReduxSwiftUIDemo.app */ = {isa = PBXFileReference; explicitFileType = wrapper.application; includeInIndex = 0; path = ReduxSwiftUIDemo.app; sourceTree = BUILT_PRODUCTS_DIR; };
		6ABA63872E67B20F00BA75F3 /* ReduxSwiftUIDemoTests.xctest */ = {isa = PBXFileReference; explicitFileType = wrapper.cfbundle; includeInIndex = 0; path = ReduxSwiftUIDemoTests.xctest; sourceTree = BUILT_PRODUCTS_DIR; };
		6ABA63912E67B20F00BA75F3 /* ReduxSwiftUIDemoUITests.xctest */ = {isa = PBXFileReference; explicitFileType = wrapper.cfbundle; includeInIndex = 0; path = ReduxSwiftUIDemoUITests.xctest; sourceTree = BUILT_PRODUCTS_DIR; };
/* End PBXFileReference section */

/* Begin PBXFileSystemSynchronizedRootGroup section */
		6ABA637C2E67B20D00BA75F3 /* ReduxSwiftUIDemo */ = {
			isa = PBXFileSystemSynchronizedRootGroup;
			path = ReduxSwiftUIDemo;
			sourceTree = "<group>";
		};
		6ABA638A2E67B20F00BA75F3 /* ReduxSwiftUIDemoTests */ = {
			isa = PBXFileSystemSynchronizedRootGroup;
			path = ReduxSwiftUIDemoTests;
			sourceTree = "<group>";
		};
		6ABA63942E67B20F00BA75F3 /* ReduxSwiftUIDemoUITests */ = {
			isa = PBXFileSystemSynchronizedRootGroup;
			path = ReduxSwiftUIDemoUITests;
			sourceTree = "<group>";
		};
/* End PBXFileSystemSynchronizedRootGroup section */

/* Begin PBXFrameworksBuildPhase section */
		6ABA63772E67B20D00BA75F3 /* Frameworks */ = {
			isa = PBXFrameworksBuildPhase;
			buildActionMask = 2147483647;
			files = (
				6AB1C0832E67C7C600EE9F88 /* ComposableArchitecture in Frameworks */,
			);
			runOnlyForDeploymentPostprocessing = 0;
		};
		6ABA63842E67B20F00BA75F3 /* Frameworks */ = {
			isa = PBXFrameworksBuildPhase;
			buildActionMask = 2147483647;
			files = (
			);
			runOnlyForDeploymentPostprocessing = 0;
		};
		6ABA638E2E67B20F00BA75F3 /* Frameworks */ = {
			isa = PBXFrameworksBuildPhase;
			buildActionMask = 2147483647;
			files = (
			);
			runOnlyForDeploymentPostprocessing = 0;
		};
/* End PBXFrameworksBuildPhase section */

/* Begin PBXGroup section */
		6AB1C0812E67C7C600EE9F88 /* Frameworks */ = {
			isa = PBXGroup;
			children = (
			);
			name = Frameworks;
			sourceTree = "<group>";
		};
		6ABA63712E67B20D00BA75F3 = {
			isa = PBXGroup;
			children = (
				6ABA637C2E67B20D00BA75F3 /* ReduxSwiftUIDemo */,
				6ABA638A2E67B20F00BA75F3 /* ReduxSwiftUIDemoTests */,
				6ABA63942E67B20F00BA75F3 /* ReduxSwiftUIDemoUITests */,
				6AB1C0812E67C7C600EE9F88 /* Frameworks */,
				6ABA637B2E67B20D00BA75F3 /* Products */,
			);
			sourceTree = "<group>";
		};
		6ABA637B2E67B20D00BA75F3 /* Products */ = {
			isa = PBXGroup;
			children = (
				6ABA637A2E67B20D00BA75F3 /* ReduxSwiftUIDemo.app */,
				6ABA63872E67B20F00BA75F3 /* ReduxSwiftUIDemoTests.xctest */,
				6ABA63912E67B20F00BA75F3 /* ReduxSwiftUIDemoUITests.xctest */,
			);
			name = Products;
			sourceTree = "<group>";
		};
/* End PBXGroup section */

/* Begin PBXNativeTarget section */
		6ABA63792E67B20D00BA75F3 /* ReduxSwiftUIDemo */ = {
			isa = PBXNativeTarget;
			buildConfigurationList = 6ABA639B2E67B20F00BA75F3 /* Build configuration list for PBXNativeTarget "ReduxSwiftUIDemo" */;
			buildPhases = (
				6ABA63762E67B20D00BA75F3 /* Sources */,
				6ABA63772E67B20D00BA75F3 /* Frameworks */,
				6ABA63782E67B20D00BA75F3 /* Resources */,
			);
			buildRules = (
			);
			dependencies = (
			);
			fileSystemSynchronizedGroups = (
				6ABA637C2E67B20D00BA75F3 /* ReduxSwiftUIDemo */,
			);
			name = ReduxSwiftUIDemo;
			packageProductDependencies = (
				6AB1C0822E67C7C600EE9F88 /* ComposableArchitecture */,
			);
			productName = ReduxSwiftUIDemo;
			productReference = 6ABA637A2E67B20D00BA75F3 /* ReduxSwiftUIDemo.app */;
			productType = "com.apple.product-type.application";
		};
		6ABA63862E67B20F00BA75F3 /* ReduxSwiftUIDemoTests */ = {
			isa = PBXNativeTarget;
			buildConfigurationList = 6ABA639E2E67B20F00BA75F3 /* Build configuration list for PBXNativeTarget "ReduxSwiftUIDemoTests" */;
			buildPhases = (
				6ABA63832E67B20F00BA75F3 /* Sources */,
				6ABA63842E67B20F00BA75F3 /* Frameworks */,
				6ABA63852E67B20F00BA75F3 /* Resources */,
			);
			buildRules = (
			);
			dependencies = (
				6ABA63892E67B20F00BA75F3 /* PBXTargetDependency */,
			);
			fileSystemSynchronizedGroups = (
				6ABA638A2E67B20F00BA75F3 /* ReduxSwiftUIDemoTests */,
			);
			name = ReduxSwiftUIDemoTests;
			packageProductDependencies = (
			);
			productName = ReduxSwiftUIDemoTests;
			productReference = 6ABA63872E67B20F00BA75F3 /* ReduxSwiftUIDemoTests.xctest */;
			productType = "com.apple.product-type.bundle.unit-test";
		};
		6ABA63902E67B20F00BA75F3 /* ReduxSwiftUIDemoUITests */ = {
			isa = PBXNativeTarget;
			buildConfigurationList = 6ABA63A12E67B20F00BA75F3 /* Build configuration list for PBXNativeTarget "ReduxSwiftUIDemoUITests" */;
			buildPhases = (
				6ABA638D2E67B20F00BA75F3 /* Sources */,
				6ABA638E2E67B20F00BA75F3 /* Frameworks */,
				6ABA638F2E67B20F00BA75F3 /* Resources */,
			);
			buildRules = (
			);
			dependencies = (
				6ABA63932E67B20F00BA75F3 /* PBXTargetDependency */,
			);
			fileSystemSynchronizedGroups = (
				6ABA63942E67B20F00BA75F3 /* ReduxSwiftUIDemoUITests */,
			);
			name = ReduxSwiftUIDemoUITests;
			packageProductDependencies = (
			);
			productName = ReduxSwiftUIDemoUITests;
			productReference = 6ABA63912E67B20F00BA75F3 /* ReduxSwiftUIDemoUITests.xctest */;
			productType = "com.apple.product-type.bundle.ui-testing";
		};
/* End PBXNativeTarget section */

/* Begin PBXProject section */
		6ABA63722E67B20D00BA75F3 /* Project object */ = {
			isa = PBXProject;
			attributes = {
				BuildIndependentTargetsInParallel = 1;
				LastSwiftUpdateCheck = 1630;
				LastUpgradeCheck = 1630;
				TargetAttributes = {
					6ABA63792E67B20D00BA75F3 = {
						CreatedOnToolsVersion = 16.3;
					};
					6ABA63862E67B20F00BA75F3 = {
						CreatedOnToolsVersion = 16.3;
						TestTargetID = 6ABA63792E67B20D00BA75F3;
					};
					6ABA63902E67B20F00BA75F3 = {
						CreatedOnToolsVersion = 16.3;
						TestTargetID = 6ABA63792E67B20D00BA75F3;
					};
				};
			};
			buildConfigurationList = 6ABA63752E67B20D00BA75F3 /* Build configuration list for PBXProject "ReduxSwiftUIDemo" */;
			developmentRegion = en;
			hasScannedForEncodings = 0;
			knownRegions = (
				en,
				Base,
			);
			mainGroup = 6ABA63712E67B20D00BA75F3;
			minimizedProjectReferenceProxies = 1;
			packageReferences = (
				6AB1C0802E67C38600EE9F88 /* XCLocalSwiftPackageReference "Libraries/swift-composable-architecture" */,
			);
			preferredProjectObjectVersion = 77;
			productRefGroup = 6ABA637B2E67B20D00BA75F3 /* Products */;
			projectDirPath = "";
			projectRoot = "";
			targets = (
				6ABA63792E67B20D00BA75F3 /* ReduxSwiftUIDemo */,
				6ABA63862E67B20F00BA75F3 /* ReduxSwiftUIDemoTests */,
				6ABA63902E67B20F00BA75F3 /* ReduxSwiftUIDemoUITests */,
			);
		};
/* End PBXProject section */

/* Begin PBXResourcesBuildPhase section */
		6ABA63782E67B20D00BA75F3 /* Resources */ = {
			isa = PBXResourcesBuildPhase;
			buildActionMask = 2147483647;
			files = (
			);
			runOnlyForDeploymentPostprocessing = 0;
		};
		6ABA63852E67B20F00BA75F3 /* Resources */ = {
			isa = PBXResourcesBuildPhase;
			buildActionMask = 2147483647;
			files = (
			);
			runOnlyForDeploymentPostprocessing = 0;
		};
		6ABA638F2E67B20F00BA75F3 /* Resources */ = {
			isa = PBXResourcesBuildPhase;
			buildActionMask = 2147483647;
			files = (
			);
			runOnlyForDeploymentPostprocessing = 0;
		};
/* End PBXResourcesBuildPhase section */

/* Begin PBXSourcesBuildPhase section */
		6ABA63762E67B20D00BA75F3 /* Sources */ = {
			isa = PBXSourcesBuildPhase;
			buildActionMask = 2147483647;
			files = (
			);
			runOnlyForDeploymentPostprocessing = 0;
		};
		6ABA63832E67B20F00BA75F3 /* Sources */ = {
			isa = PBXSourcesBuildPhase;
			buildActionMask = 2147483647;
			files = (
			);
			runOnlyForDeploymentPostprocessing = 0;
		};
		6ABA638D2E67B20F00BA75F3 /* Sources */ = {
			isa = PBXSourcesBuildPhase;
			buildActionMask = 2147483647;
			files = (
			);
			runOnlyForDeploymentPostprocessing = 0;
		};
/* End PBXSourcesBuildPhase section */

/* Begin PBXTargetDependency section */
		6ABA63892E67B20F00BA75F3 /* PBXTargetDependency */ = {
			isa = PBXTargetDependency;
			target = 6ABA63792E67B20D00BA75F3 /* ReduxSwiftUIDemo */;
			targetProxy = 6ABA63882E67B20F00BA75F3 /* PBXContainerItemProxy */;
		};
		6ABA63932E67B20F00BA75F3 /* PBXTargetDependency */ = {
			isa = PBXTargetDependency;
			target = 6ABA63792E67B20D00BA75F3 /* ReduxSwiftUIDemo */;
			targetProxy = 6ABA63922E67B20F00BA75F3 /* PBXContainerItemProxy */;
		};
/* End PBXTargetDependency section */

/* Begin XCBuildConfiguration section */
		6ABA63992E67B20F00BA75F3 /* Debug */ = {
			isa = XCBuildConfiguration;
			buildSettings = {
				ALWAYS_SEARCH_USER_PATHS = NO;
				ASSETCATALOG_COMPILER_GENERATE_SWIFT_ASSET_SYMBOL_EXTENSIONS = YES;
				CLANG_ANALYZER_NONNULL = YES;
				CLANG_ANALYZER_NUMBER_OBJECT_CONVERSION = YES_AGGRESSIVE;
				CLANG_CXX_LANGUAGE_STANDARD = "gnu++20";
				CLANG_ENABLE_MODULES = YES;
				CLANG_ENABLE_OBJC_ARC = YES;
				CLANG_ENABLE_OBJC_WEAK = YES;
				CLANG_WARN_BLOCK_CAPTURE_AUTORELEASING = YES;
				CLANG_WARN_BOOL_CONVERSION = YES;
				CLANG_WARN_COMMA = YES;
				CLANG_WARN_CONSTANT_CONVERSION = YES;
				CLANG_WARN_DEPRECATED_OBJC_IMPLEMENTATIONS = YES;
				CLANG_WARN_DIRECT_OBJC_ISA_USAGE = YES_ERROR;
				CLANG_WARN_DOCUMENTATION_COMMENTS = YES;
				CLANG_WARN_EMPTY_BODY = YES;
				CLANG_WARN_ENUM_CONVERSION = YES;
				CLANG_WARN_INFINITE_RECURSION = YES;
				CLANG_WARN_INT_CONVERSION = YES;
				CLANG_WARN_NON_LITERAL_NULL_CONVERSION = YES;
				CLANG_WARN_OBJC_IMPLICIT_RETAIN_SELF = YES;
				CLANG_WARN_OBJC_LITERAL_CONVERSION = YES;
				CLANG_WARN_OBJC_ROOT_CLASS = YES_ERROR;
				CLANG_WARN_QUOTED_INCLUDE_IN_FRAMEWORK_HEADER = YES;
				CLANG_WARN_RANGE_LOOP_ANALYSIS = YES;
				CLANG_WARN_STRICT_PROTOTYPES = YES;
				CLANG_WARN_SUSPICIOUS_MOVE = YES;
				CLANG_WARN_UNGUARDED_AVAILABILITY = YES_AGGRESSIVE;
				CLANG_WARN_UNREACHABLE_CODE = YES;
				CLANG_WARN__DUPLICATE_METHOD_MATCH = YES;
				COPY_PHASE_STRIP = NO;
				DEBUG_INFORMATION_FORMAT = dwarf;
				ENABLE_STRICT_OBJC_MSGSEND = YES;
				ENABLE_TESTABILITY = YES;
				ENABLE_USER_SCRIPT_SANDBOXING = YES;
				GCC_C_LANGUAGE_STANDARD = gnu17;
				GCC_DYNAMIC_NO_PIC = NO;
				GCC_NO_COMMON_BLOCKS = YES;
				GCC_OPTIMIZATION_LEVEL = 0;
				GCC_PREPROCESSOR_DEFINITIONS = (
					"DEBUG=1",
					"$(inherited)",
				);
				GCC_WARN_64_TO_32_BIT_CONVERSION = YES;
				GCC_WARN_ABOUT_RETURN_TYPE = YES_ERROR;
				GCC_WARN_UNDECLARED_SELECTOR = YES;
				GCC_WARN_UNINITIALIZED_AUTOS = YES_AGGRESSIVE;
				GCC_WARN_UNUSED_FUNCTION = YES;
				GCC_WARN_UNUSED_VARIABLE = YES;
				IPHONEOS_DEPLOYMENT_TARGET = 18.4;
				LOCALIZATION_PREFERS_STRING_CATALOGS = YES;
				MTL_ENABLE_DEBUG_INFO = INCLUDE_SOURCE;
				MTL_FAST_MATH = YES;
				ONLY_ACTIVE_ARCH = YES;
				SDKROOT = iphoneos;
				SWIFT_ACTIVE_COMPILATION_CONDITIONS = "DEBUG $(inherited)";
				SWIFT_OPTIMIZATION_LEVEL = "-Onone";
			};
			name = Debug;
		};
		6ABA639A2E67B20F00BA75F3 /* Release */ = {
			isa = XCBuildConfiguration;
			buildSettings = {
				ALWAYS_SEARCH_USER_PATHS = NO;
				ASSETCATALOG_COMPILER_GENERATE_SWIFT_ASSET_SYMBOL_EXTENSIONS = YES;
				CLANG_ANALYZER_NONNULL = YES;
				CLANG_ANALYZER_NUMBER_OBJECT_CONVERSION = YES_AGGRESSIVE;
				CLANG_CXX_LANGUAGE_STANDARD = "gnu++20";
				CLANG_ENABLE_MODULES = YES;
				CLANG_ENABLE_OBJC_ARC = YES;
				CLANG_ENABLE_OBJC_WEAK = YES;
				CLANG_WARN_BLOCK_CAPTURE_AUTORELEASING = YES;
				CLANG_WARN_BOOL_CONVERSION = YES;
				CLANG_WARN_COMMA = YES;
				CLANG_WARN_CONSTANT_CONVERSION = YES;
				CLANG_WARN_DEPRECATED_OBJC_IMPLEMENTATIONS = YES;
				CLANG_WARN_DIRECT_OBJC_ISA_USAGE = YES_ERROR;
				CLANG_WARN_DOCUMENTATION_COMMENTS = YES;
				CLANG_WARN_EMPTY_BODY = YES;
				CLANG_WARN_ENUM_CONVERSION = YES;
				CLANG_WARN_INFINITE_RECURSION = YES;
				CLANG_WARN_INT_CONVERSION = YES;
				CLANG_WARN_NON_LITERAL_NULL_CONVERSION = YES;
				CLANG_WARN_OBJC_IMPLICIT_RETAIN_SELF = YES;
				CLANG_WARN_OBJC_LITERAL_CONVERSION = YES;
				CLANG_WARN_OBJC_ROOT_CLASS = YES_ERROR;
				CLANG_WARN_QUOTED_INCLUDE_IN_FRAMEWORK_HEADER = YES;
				CLANG_WARN_RANGE_LOOP_ANALYSIS = YES;
				CLANG_WARN_STRICT_PROTOTYPES = YES;
				CLANG_WARN_SUSPICIOUS_MOVE = YES;
				CLANG_WARN_UNGUARDED_AVAILABILITY = YES_AGGRESSIVE;
				CLANG_WARN_UNREACHABLE_CODE = YES;
				CLANG_WARN__DUPLICATE_METHOD_MATCH = YES;
				COPY_PHASE_STRIP = NO;
				DEBUG_INFORMATION_FORMAT = "dwarf-with-dsym";
				ENABLE_NS_ASSERTIONS = NO;
				ENABLE_STRICT_OBJC_MSGSEND = YES;
				ENABLE_USER_SCRIPT_SANDBOXING = YES;
				GCC_C_LANGUAGE_STANDARD = gnu17;
				GCC_NO_COMMON_BLOCKS = YES;
				GCC_WARN_64_TO_32_BIT_CONVERSION = YES;
				GCC_WARN_ABOUT_RETURN_TYPE = YES_ERROR;
				GCC_WARN_UNDECLARED_SELECTOR = YES;
				GCC_WARN_UNINITIALIZED_AUTOS = YES_AGGRESSIVE;
				GCC_WARN_UNUSED_FUNCTION = YES;
				GCC_WARN_UNUSED_VARIABLE = YES;
				IPHONEOS_DEPLOYMENT_TARGET = 18.4;
				LOCALIZATION_PREFERS_STRING_CATALOGS = YES;
				MTL_ENABLE_DEBUG_INFO = NO;
				MTL_FAST_MATH = YES;
				SDKROOT = iphoneos;
				SWIFT_COMPILATION_MODE = wholemodule;
				VALIDATE_PRODUCT = YES;
			};
			name = Release;
		};
		6ABA639C2E67B20F00BA75F3 /* Debug */ = {
			isa = XCBuildConfiguration;
			buildSettings = {
				ASSETCATALOG_COMPILER_APPICON_NAME = AppIcon;
				ASSETCATALOG_COMPILER_GLOBAL_ACCENT_COLOR_NAME = AccentColor;
				CODE_SIGN_STYLE = Automatic;
				CURRENT_PROJECT_VERSION = 1;
				ENABLE_PREVIEWS = YES;
				GENERATE_INFOPLIST_FILE = YES;
				INFOPLIST_KEY_UIApplicationSceneManifest_Generation = YES;
				INFOPLIST_KEY_UIApplicationSupportsIndirectInputEvents = YES;
				INFOPLIST_KEY_UILaunchScreen_Generation = YES;
				INFOPLIST_KEY_UISupportedInterfaceOrientations_iPad = "UIInterfaceOrientationPortrait UIInterfaceOrientationPortraitUpsideDown UIInterfaceOrientationLandscapeLeft UIInterfaceOrientationLandscapeRight";
				INFOPLIST_KEY_UISupportedInterfaceOrientations_iPhone = "UIInterfaceOrientationPortrait UIInterfaceOrientationLandscapeLeft UIInterfaceOrientationLandscapeRight";
				IPHONEOS_DEPLOYMENT_TARGET = 15.0;
				LD_RUNPATH_SEARCH_PATHS = (
					"$(inherited)",
					"@executable_path/Frameworks",
				);
				MARKETING_VERSION = 1.0;
				PRODUCT_BUNDLE_IDENTIFIER = llong.ReduxSwiftUIDemo;
				PRODUCT_NAME = "$(TARGET_NAME)";
				SWIFT_EMIT_LOC_STRINGS = YES;
				SWIFT_VERSION = 5.0;
				TARGETED_DEVICE_FAMILY = "1,2";
			};
			name = Debug;
		};
		6ABA639D2E67B20F00BA75F3 /* Release */ = {
			isa = XCBuildConfiguration;
			buildSettings = {
				ASSETCATALOG_COMPILER_APPICON_NAME = AppIcon;
				ASSETCATALOG_COMPILER_GLOBAL_ACCENT_COLOR_NAME = AccentColor;
				CODE_SIGN_STYLE = Automatic;
				CURRENT_PROJECT_VERSION = 1;
				ENABLE_PREVIEWS = YES;
				GENERATE_INFOPLIST_FILE = YES;
				INFOPLIST_KEY_UIApplicationSceneManifest_Generation = YES;
				INFOPLIST_KEY_UIApplicationSupportsIndirectInputEvents = YES;
				INFOPLIST_KEY_UILaunchScreen_Generation = YES;
				INFOPLIST_KEY_UISupportedInterfaceOrientations_iPad = "UIInterfaceOrientationPortrait UIInterfaceOrientationPortraitUpsideDown UIInterfaceOrientationLandscapeLeft UIInterfaceOrientationLandscapeRight";
				INFOPLIST_KEY_UISupportedInterfaceOrientations_iPhone = "UIInterfaceOrientationPortrait UIInterfaceOrientationLandscapeLeft UIInterfaceOrientationLandscapeRight";
				IPHONEOS_DEPLOYMENT_TARGET = 15.0;
				LD_RUNPATH_SEARCH_PATHS = (
					"$(inherited)",
					"@executable_path/Frameworks",
				);
				MARKETING_VERSION = 1.0;
				PRODUCT_BUNDLE_IDENTIFIER = llong.ReduxSwiftUIDemo;
				PRODUCT_NAME = "$(TARGET_NAME)";
				SWIFT_EMIT_LOC_STRINGS = YES;
				SWIFT_VERSION = 5.0;
				TARGETED_DEVICE_FAMILY = "1,2";
			};
			name = Release;
		};
		6ABA639F2E67B20F00BA75F3 /* Debug */ = {
			isa = XCBuildConfiguration;
			buildSettings = {
				BUNDLE_LOADER = "$(TEST_HOST)";
				CODE_SIGN_STYLE = Automatic;
				CURRENT_PROJECT_VERSION = 1;
				GENERATE_INFOPLIST_FILE = YES;
				IPHONEOS_DEPLOYMENT_TARGET = 18.4;
				MARKETING_VERSION = 1.0;
				PRODUCT_BUNDLE_IDENTIFIER = llong.ReduxSwiftUIDemoTests;
				PRODUCT_NAME = "$(TARGET_NAME)";
				SWIFT_EMIT_LOC_STRINGS = NO;
				SWIFT_VERSION = 5.0;
				TARGETED_DEVICE_FAMILY = "1,2";
				TEST_HOST = "$(BUILT_PRODUCTS_DIR)/ReduxSwiftUIDemo.app/$(BUNDLE_EXECUTABLE_FOLDER_PATH)/ReduxSwiftUIDemo";
			};
			name = Debug;
		};
		6ABA63A02E67B20F00BA75F3 /* Release */ = {
			isa = XCBuildConfiguration;
			buildSettings = {
				BUNDLE_LOADER = "$(TEST_HOST)";
				CODE_SIGN_STYLE = Automatic;
				CURRENT_PROJECT_VERSION = 1;
				GENERATE_INFOPLIST_FILE = YES;
				IPHONEOS_DEPLOYMENT_TARGET = 18.4;
				MARKETING_VERSION = 1.0;
				PRODUCT_BUNDLE_IDENTIFIER = llong.ReduxSwiftUIDemoTests;
				PRODUCT_NAME = "$(TARGET_NAME)";
				SWIFT_EMIT_LOC_STRINGS = NO;
				SWIFT_VERSION = 5.0;
				TARGETED_DEVICE_FAMILY = "1,2";
				TEST_HOST = "$(BUILT_PRODUCTS_DIR)/ReduxSwiftUIDemo.app/$(BUNDLE_EXECUTABLE_FOLDER_PATH)/ReduxSwiftUIDemo";
			};
			name = Release;
		};
		6ABA63A22E67B20F00BA75F3 /* Debug */ = {
			isa = XCBuildConfiguration;
			buildSettings = {
				CODE_SIGN_STYLE = Automatic;
				CURRENT_PROJECT_VERSION = 1;
				GENERATE_INFOPLIST_FILE = YES;
				MARKETING_VERSION = 1.0;
				PRODUCT_BUNDLE_IDENTIFIER = llong.ReduxSwiftUIDemoUITests;
				PRODUCT_NAME = "$(TARGET_NAME)";
				SWIFT_EMIT_LOC_STRINGS = NO;
				SWIFT_VERSION = 5.0;
				TARGETED_DEVICE_FAMILY = "1,2";
				TEST_TARGET_NAME = ReduxSwiftUIDemo;
			};
			name = Debug;
		};
		6ABA63A32E67B20F00BA75F3 /* Release */ = {
			isa = XCBuildConfiguration;
			buildSettings = {
				CODE_SIGN_STYLE = Automatic;
				CURRENT_PROJECT_VERSION = 1;
				GENERATE_INFOPLIST_FILE = YES;
				MARKETING_VERSION = 1.0;
				PRODUCT_BUNDLE_IDENTIFIER = llong.ReduxSwiftUIDemoUITests;
				PRODUCT_NAME = "$(TARGET_NAME)";
				SWIFT_EMIT_LOC_STRINGS = NO;
				SWIFT_VERSION = 5.0;
				TARGETED_DEVICE_FAMILY = "1,2";
				TEST_TARGET_NAME = ReduxSwiftUIDemo;
			};
			name = Release;
		};
/* End XCBuildConfiguration section */

/* Begin XCConfigurationList section */
		6ABA63752E67B20D00BA75F3 /* Build configuration list for PBXProject "ReduxSwiftUIDemo" */ = {
			isa = XCConfigurationList;
			buildConfigurations = (
				6ABA63992E67B20F00BA75F3 /* Debug */,
				6ABA639A2E67B20F00BA75F3 /* Release */,
			);
			defaultConfigurationIsVisible = 0;
			defaultConfigurationName = Release;
		};
		6ABA639B2E67B20F00BA75F3 /* Build configuration list for PBXNativeTarget "ReduxSwiftUIDemo" */ = {
			isa = XCConfigurationList;
			buildConfigurations = (
				6ABA639C2E67B20F00BA75F3 /* Debug */,
				6ABA639D2E67B20F00BA75F3 /* Release */,
			);
			defaultConfigurationIsVisible = 0;
			defaultConfigurationName = Release;
		};
		6ABA639E2E67B20F00BA75F3 /* Build configuration list for PBXNativeTarget "ReduxSwiftUIDemoTests" */ = {
			isa = XCConfigurationList;
			buildConfigurations = (
				6ABA639F2E67B20F00BA75F3 /* Debug */,
				6ABA63A02E67B20F00BA75F3 /* Release */,
			);
			defaultConfigurationIsVisible = 0;
			defaultConfigurationName = Release;
		};
		6ABA63A12E67B20F00BA75F3 /* Build configuration list for PBXNativeTarget "ReduxSwiftUIDemoUITests" */ = {
			isa = XCConfigurationList;
			buildConfigurations = (
				6ABA63A22E67B20F00BA75F3 /* Debug */,
				6ABA63A32E67B20F00BA75F3 /* Release */,
			);
			defaultConfigurationIsVisible = 0;
			defaultConfigurationName = Release;
		};
/* End XCConfigurationList section */

/* Begin XCLocalSwiftPackageReference section */
		6AB1C0802E67C38600EE9F88 /* XCLocalSwiftPackageReference "Libraries/swift-composable-architecture" */ = {
			isa = XCLocalSwiftPackageReference;
			relativePath = "Libraries/swift-composable-architecture";
		};
/* End XCLocalSwiftPackageReference section */

/* Begin XCSwiftPackageProductDependency section */
		6AB1C0822E67C7C600EE9F88 /* ComposableArchitecture */ = {
			isa = XCSwiftPackageProductDependency;
			package = 6AB1C0802E67C38600EE9F88 /* XCLocalSwiftPackageReference "Libraries/swift-composable-architecture" */;
			productName = ComposableArchitecture;
		};
/* End XCSwiftPackageProductDependency section */
	};
	rootObject = 6ABA63722E67B20D00BA75F3 /* Project object */;
}
